
Microsoft Visual Studio Solution File, Format Version 12.00
# Visual Studio Version 16
VisualStudioVersion = 16.0.32228.343
MinimumVisualStudioVersion = 10.0.40219.1
Project("{FAE04EC0-301F-11D3-BF4B-00C04F79EFBC}") = "AbstractAndInterface", "AbstractAndInterface\AbstractAndInterface.csproj", "{0EAAC9AB-26F7-4C4B-8F6D-45279E72CEA5}"
EndProject
Project("{FAE04EC0-301F-11D3-BF4B-00C04F79EFBC}") = "OverloadingAndOverriding", "OverloadingAndOverriding\OverloadingAndOverriding.csproj", "{6230A463-C1D7-4B23-8C41-8278BD7E94DE}"
EndProject
Global
	GlobalSection(SolutionConfigurationPlatforms) = preSolution
		Debug|Any CPU = Debug|Any CPU
		Release|Any CPU = Release|Any CPU
	EndGlobalSection
	GlobalSection(ProjectConfigurationPlatforms) = postSolution
		{0EAAC9AB-26F7-4C4B-8F6D-45279E72CEA5}.Debug|Any CPU.ActiveCfg = Debug|Any CPU
		{0EAAC9AB-26F7-4C4B-8F6D-45279E72CEA5}.Debug|Any CPU.Build.0 = Debug|Any CPU
		{0EAAC9AB-26F7-4C4B-8F6D-45279E72CEA5}.Release|Any CPU.ActiveCfg = Release|Any CPU
		{0EAAC9AB-26F7-4C4B-8F6D-45279E72CEA5}.Release|Any CPU.Build.0 = Release|Any CPU
		{6230A463-C1D7-4B23-8C41-8278BD7E94DE}.Debug|Any CPU.ActiveCfg = Debug|Any CPU
		{6230A463-C1D7-4B23-8C41-8278BD7E94DE}.Debug|Any CPU.Build.0 = Debug|Any CPU
		{6230A463-C1D7-4B23-8C41-8278BD7E94DE}.Release|Any CPU.ActiveCfg = Release|Any CPU
		{6230A463-C1D7-4B23-8C41-8278BD7E94DE}.Release|Any CPU.Build.0 = Release|Any CPU
	EndGlobalSection
	GlobalSection(SolutionProperties) = preSolution
		HideSolutionNode = FALSE
	EndGlobalSection
	GlobalSection(ExtensibilityGlobals) = postSolution
		SolutionGuid = {1C25EAC8-6EF9-46CC-BBEB-40260A055700}
	EndGlobalSection
EndGlobal
